# This file is generated by running "yarn install" inside your project.
# Manual changes might be lost - proceed with caution!

__metadata:
  version: 6
  cacheKey: 8

"@logue/markdown-wasm@workspace:.":
  version: 0.0.0-use.local
  resolution: "@logue/markdown-wasm@workspace:."
  dependencies:
    "@logue/wasmc": ^2.2.2
  languageName: unknown
  linkType: soft

"@logue/wasmc@npm:^2.2.2":
  version: 2.2.2
  resolution: "@logue/wasmc@npm:2.2.2"
  bin:
    wasmc: wasmc
  checksum: 7a3679626946cb74371a484448229dea41a417bed3728f8d12c42cbea3acc8dc52de936aa731429efc75759dadd85012142c9e5339a43b49767fef29e56b8b82
  languageName: node
  linkType: hard
